post:
  tags:
    - card
  summary: Block card
  operationId: block-card
  description: Block a card
  parameters:
    $ref: "../../models/card-id-path.yaml"
  responses:
    "202":
      description: Successful operation
    "400":
      description: Request fields are invalid
      content:
        application/json:
          schema:
            $ref: '../../models/api-error-400.yaml'
    "403":
      description: |
        **CARD_ALREADY_BLOCKED**
        Card is already blocked.
      content:
        application/json:
          schema:
            $ref: "../../models/api-error-403.yaml"
